
Microsoft Visual Studio Solution File, Format Version 12.00
# Visual Studio Version 16
VisualStudioVersion = 16.0.30503.244
MinimumVisualStudioVersion = 10.0.40219.1
Project("{FAE04EC0-301F-11D3-BF4B-00C04F79EFBC}") = "OOP_LAB1", "OOP_LAB1.csproj", "{DA639460-CC64-401D-B4CF-A47249B3FBEB}"
EndProject
Global
	GlobalSection(SolutionConfigurationPlatforms) = preSolution
		Debug|Any CPU = Debug|Any CPU
		Release|Any CPU = Release|Any CPU
	EndGlobalSection
	GlobalSection(ProjectConfigurationPlatforms) = postSolution
		{DA639460-CC64-401D-B4CF-A47249B3FBEB}.Debug|Any CPU.ActiveCfg = Debug|Any CPU
		{DA639460-CC64-401D-B4CF-A47249B3FBEB}.Debug|Any CPU.Build.0 = Debug|Any CPU
		{DA639460-CC64-401D-B4CF-A47249B3FBEB}.Release|Any CPU.ActiveCfg = Release|Any CPU
		{DA639460-CC64-401D-B4CF-A47249B3FBEB}.Release|Any CPU.Build.0 = Release|Any CPU
	EndGlobalSection
	GlobalSection(SolutionProperties) = preSolution
		HideSolutionNode = FALSE
	EndGlobalSection
	GlobalSection(ExtensibilityGlobals) = postSolution
		SolutionGuid = {C9E1AB12-3C5B-4E7B-AFE8-9776774F4790}
	EndGlobalSection
EndGlobal
