
Microsoft Visual Studio Solution File, Format Version 12.00
# Visual Studio Version 16
VisualStudioVersion = 16.0.30503.244
MinimumVisualStudioVersion = 10.0.40219.1
Project("{FAE04EC0-301F-11D3-BF4B-00C04F79EFBC}") = "OOP_LAB009", "OOP_LAB009.csproj", "{0EBD83CF-39E6-4023-9F5F-5D0B052A140A}"
EndProject
Global
	GlobalSection(SolutionConfigurationPlatforms) = preSolution
		Debug|Any CPU = Debug|Any CPU
		Release|Any CPU = Release|Any CPU
	EndGlobalSection
	GlobalSection(ProjectConfigurationPlatforms) = postSolution
		{0EBD83CF-39E6-4023-9F5F-5D0B052A140A}.Debug|Any CPU.ActiveCfg = Debug|Any CPU
		{0EBD83CF-39E6-4023-9F5F-5D0B052A140A}.Debug|Any CPU.Build.0 = Debug|Any CPU
		{0EBD83CF-39E6-4023-9F5F-5D0B052A140A}.Release|Any CPU.ActiveCfg = Release|Any CPU
		{0EBD83CF-39E6-4023-9F5F-5D0B052A140A}.Release|Any CPU.Build.0 = Release|Any CPU
	EndGlobalSection
	GlobalSection(SolutionProperties) = preSolution
		HideSolutionNode = FALSE
	EndGlobalSection
	GlobalSection(ExtensibilityGlobals) = postSolution
		SolutionGuid = {D0B45790-11E6-45A1-8EB7-77AD5879E185}
	EndGlobalSection
EndGlobal
